// !$*UTF8*$!
{
	archiveVersion = 1;
	classes = {
	};
	objectVersion = 46;
	objects = {

/* Begin PBXBuildFile section */
		89B299921C9CAE3400C65E0E /* AppDelegate.swift in Sources */ = {isa = PBXBuildFile; fileRef = 89B299911C9CAE3400C65E0E /* AppDelegate.swift */; };
		89B299941C9CAE3400C65E0E /* MasterViewController.swift in Sources */ = {isa = PBXBuildFile; fileRef = 89B299931C9CAE3400C65E0E /* MasterViewController.swift */; };
		89B299961C9CAE3400C65E0E /* DetailViewController.swift in Sources */ = {isa = PBXBuildFile; fileRef = 89B299951C9CAE3400C65E0E /* DetailViewController.swift */; };
		89B299991C9CAE3400C65E0E /* Main.storyboard in Resources */ = {isa = PBXBuildFile; fileRef = 89B299971C9CAE3400C65E0E /* Main.storyboard */; };
		89B2999E1C9CAE3400C65E0E /* LaunchScreen.storyboard in Resources */ = {isa = PBXBuildFile; fileRef = 89B2999C1C9CAE3400C65E0E /* LaunchScreen.storyboard */; };
		89B299A91C9CAE3400C65E0E /* OpenWeatherAppTests.swift in Sources */ = {isa = PBXBuildFile; fileRef = 89B299A81C9CAE3400C65E0E /* OpenWeatherAppTests.swift */; };
		89B299B41C9CAE3400C65E0E /* OpenWeatherAppUITests.swift in Sources */ = {isa = PBXBuildFile; fileRef = 89B299B31C9CAE3400C65E0E /* OpenWeatherAppUITests.swift */; };
		89B299C21C9CB52200C65E0E /* AddNewCityViewController.swift in Sources */ = {isa = PBXBuildFile; fileRef = 89B299C11C9CB52200C65E0E /* AddNewCityViewController.swift */; };
		89B299C81C9DAC8900C65E0E /* City.swift in Sources */ = {isa = PBXBuildFile; fileRef = 89B299C71C9DAC8900C65E0E /* City.swift */; };
		89B299CA1C9F08E600C65E0E /* WeatherService.swift in Sources */ = {isa = PBXBuildFile; fileRef = 89B299C91C9F08E600C65E0E /* WeatherService.swift */; };
		89B299CC1C9F38F600C65E0E /* CityRepository.swift in Sources */ = {isa = PBXBuildFile; fileRef = 89B299CB1C9F38F600C65E0E /* CityRepository.swift */; };
		89B299CE1C9F4C9800C65E0E /* Assets.xcassets in Resources */ = {isa = PBXBuildFile; fileRef = 89B299CD1C9F4C9800C65E0E /* Assets.xcassets */; };
/* End PBXBuildFile section */

/* Begin PBXContainerItemProxy section */
		89B299A51C9CAE3400C65E0E /* PBXContainerItemProxy */ = {
			isa = PBXContainerItemProxy;
			containerPortal = 89B299861C9CAE3400C65E0E /* Project object */;
			proxyType = 1;
			remoteGlobalIDString = 89B2998D1C9CAE3400C65E0E;
			remoteInfo = OpenWeatherApp;
		};
		89B299B01C9CAE3400C65E0E /* PBXContainerItemProxy */ = {
			isa = PBXContainerItemProxy;
			containerPortal = 89B299861C9CAE3400C65E0E /* Project object */;
			proxyType = 1;
			remoteGlobalIDString = 89B2998D1C9CAE3400C65E0E;
			remoteInfo = OpenWeatherApp;
		};
/* End PBXContainerItemProxy section */

/* Begin PBXFileReference section */
		89B2998E1C9CAE3400C65E0E /* OpenWeatherApp.app */ = {isa = PBXFileReference; explicitFileType = wrapper.application; includeInIndex = 0; path = OpenWeatherApp.app; sourceTree = BUILT_PRODUCTS_DIR; };
		89B299911C9CAE3400C65E0E /* AppDelegate.swift */ = {isa = PBXFileReference; lastKnownFileType = sourcecode.swift; path = AppDelegate.swift; sourceTree = "<group>"; };
		89B299931C9CAE3400C65E0E /* MasterViewController.swift */ = {isa = PBXFileReference; lastKnownFileType = sourcecode.swift; path = MasterViewController.swift; sourceTree = "<group>"; };
		89B299951C9CAE3400C65E0E /* DetailViewController.swift */ = {isa = PBXFileReference; lastKnownFileType = sourcecode.swift; path = DetailViewController.swift; sourceTree = "<group>"; };
		89B299981C9CAE3400C65E0E /* Base */ = {isa = PBXFileReference; lastKnownFileType = file.storyboard; name = Base; path = Base.lproj/Main.storyboard; sourceTree = "<group>"; };
		89B2999D1C9CAE3400C65E0E /* Base */ = {isa = PBXFileReference; lastKnownFileType = file.storyboard; name = Base; path = Base.lproj/LaunchScreen.storyboard; sourceTree = "<group>"; };
		89B2999F1C9CAE3400C65E0E /* Info.plist */ = {isa = PBXFileReference; lastKnownFileType = text.plist.xml; path = Info.plist; sourceTree = "<group>"; };
		89B299A41C9CAE3400C65E0E /* OpenWeatherAppTests.xctest */ = {isa = PBXFileReference; explicitFileType = wrapper.cfbundle; includeInIndex = 0; path = OpenWeatherAppTests.xctest; sourceTree = BUILT_PRODUCTS_DIR; };
		89B299A81C9CAE3400C65E0E /* OpenWeatherAppTests.swift */ = {isa = PBXFileReference; lastKnownFileType = sourcecode.swift; path = OpenWeatherAppTests.swift; sourceTree = "<group>"; };
		89B299AA1C9CAE3400C65E0E /* Info.plist */ = {isa = PBXFileReference; lastKnownFileType = text.plist.xml; path = Info.plist; sourceTree = "<group>"; };
		89B299AF1C9CAE3400C65E0E /* OpenWeatherAppUITests.xctest */ = {isa = PBXFileReference; explicitFileType = wrapper.cfbundle; includeInIndex = 0; path = OpenWeatherAppUITests.xctest; sourceTree = BUILT_PRODUCTS_DIR; };
		89B299B31C9CAE3400C65E0E /* OpenWeatherAppUITests.swift */ = {isa = PBXFileReference; lastKnownFileType = sourcecode.swift; path = OpenWeatherAppUITests.swift; sourceTree = "<group>"; };
		89B299B51C9CAE3400C65E0E /* Info.plist */ = {isa = PBXFileReference; lastKnownFileType = text.plist.xml; path = Info.plist; sourceTree = "<group>"; };
		89B299C11C9CB52200C65E0E /* AddNewCityViewController.swift */ = {isa = PBXFileReference; fileEncoding = 4; lastKnownFileType = sourcecode.swift; path = AddNewCityViewController.swift; sourceTree = "<group>"; };
		89B299C71C9DAC8900C65E0E /* City.swift */ = {isa = PBXFileReference; fileEncoding = 4; lastKnownFileType = sourcecode.swift; name = City.swift; path = Model/City.swift; sourceTree = "<group>"; };
		89B299C91C9F08E600C65E0E /* WeatherService.swift */ = {isa = PBXFileReference; fileEncoding = 4; lastKnownFileType = sourcecode.swift; name = WeatherService.swift; path = Service/WeatherService.swift; sourceTree = "<group>"; };
		89B299CB1C9F38F600C65E0E /* CityRepository.swift */ = {isa = PBXFileReference; fileEncoding = 4; lastKnownFileType = sourcecode.swift; name = CityRepository.swift; path = Repository/CityRepository.swift; sourceTree = "<group>"; };
		89B299CD1C9F4C9800C65E0E /* Assets.xcassets */ = {isa = PBXFileReference; lastKnownFileType = folder.assetcatalog; path = Assets.xcassets; sourceTree = "<group>"; };
/* End PBXFileReference section */

/* Begin PBXFrameworksBuildPhase section */
		89B2998B1C9CAE3400C65E0E /* Frameworks */ = {
			isa = PBXFrameworksBuildPhase;
			buildActionMask = 2147483647;
			files = (
			);
			runOnlyForDeploymentPostprocessing = 0;
		};
		89B299A11C9CAE3400C65E0E /* Frameworks */ = {
			isa = PBXFrameworksBuildPhase;
			buildActionMask = 2147483647;
			files = (
			);
			runOnlyForDeploymentPostprocessing = 0;
		};
		89B299AC1C9CAE3400C65E0E /* Frameworks */ = {
			isa = PBXFrameworksBuildPhase;
			buildActionMask = 2147483647;
			files = (
			);
			runOnlyForDeploymentPostprocessing = 0;
		};
/* End PBXFrameworksBuildPhase section */

/* Begin PBXGroup section */
		89B299851C9CAE3400C65E0E = {
			isa = PBXGroup;
			children = (
				89B299901C9CAE3400C65E0E /* OpenWeatherApp */,
				89B299A71C9CAE3400C65E0E /* OpenWeatherAppTests */,
				89B299B21C9CAE3400C65E0E /* OpenWeatherAppUITests */,
				89B2998F1C9CAE3400C65E0E /* Products */,
			);
			sourceTree = "<group>";
		};
		89B2998F1C9CAE3400C65E0E /* Products */ = {
			isa = PBXGroup;
			children = (
				89B2998E1C9CAE3400C65E0E /* OpenWeatherApp.app */,
				89B299A41C9CAE3400C65E0E /* OpenWeatherAppTests.xctest */,
				89B299AF1C9CAE3400C65E0E /* OpenWeatherAppUITests.xctest */,
			);
			name = Products;
			sourceTree = "<group>";
		};
		89B299901C9CAE3400C65E0E /* OpenWeatherApp */ = {
			isa = PBXGroup;
			children = (
				89B299C61C9DA9B900C65E0E /* Repository */,
				89B299C51C9DA9B200C65E0E /* View */,
				89B299C41C9DA9A900C65E0E /* Service */,
				89B299C31C9DA9A200C65E0E /* Model */,
				89B299911C9CAE3400C65E0E /* AppDelegate.swift */,
				89B299CD1C9F4C9800C65E0E /* Assets.xcassets */,
				89B299931C9CAE3400C65E0E /* MasterViewController.swift */,
				89B299951C9CAE3400C65E0E /* DetailViewController.swift */,
				89B2999F1C9CAE3400C65E0E /* Info.plist */,
				89B299C11C9CB52200C65E0E /* AddNewCityViewController.swift */,
			);
			path = OpenWeatherApp;
			sourceTree = "<group>";
		};
		89B299A71C9CAE3400C65E0E /* OpenWeatherAppTests */ = {
			isa = PBXGroup;
			children = (
				89B299A81C9CAE3400C65E0E /* OpenWeatherAppTests.swift */,
				89B299AA1C9CAE3400C65E0E /* Info.plist */,
			);
			path = OpenWeatherAppTests;
			sourceTree = "<group>";
		};
		89B299B21C9CAE3400C65E0E /* OpenWeatherAppUITests */ = {
			isa = PBXGroup;
			children = (
				89B299B31C9CAE3400C65E0E /* OpenWeatherAppUITests.swift */,
				89B299B51C9CAE3400C65E0E /* Info.plist */,
			);
			path = OpenWeatherAppUITests;
			sourceTree = "<group>";
		};
		89B299C31C9DA9A200C65E0E /* Model */ = {
			isa = PBXGroup;
			children = (
				89B299C71C9DAC8900C65E0E /* City.swift */,
			);
			name = Model;
			sourceTree = "<group>";
		};
		89B299C41C9DA9A900C65E0E /* Service */ = {
			isa = PBXGroup;
			children = (
				89B299C91C9F08E600C65E0E /* WeatherService.swift */,
			);
			name = Service;
			sourceTree = "<group>";
		};
		89B299C51C9DA9B200C65E0E /* View */ = {
			isa = PBXGroup;
			children = (
				89B299971C9CAE3400C65E0E /* Main.storyboard */,
				89B2999C1C9CAE3400C65E0E /* LaunchScreen.storyboard */,
			);
			name = View;
			sourceTree = "<group>";
		};
		89B299C61C9DA9B900C65E0E /* Repository */ = {
			isa = PBXGroup;
			children = (
				89B299CB1C9F38F600C65E0E /* CityRepository.swift */,
			);
			name = Repository;
			sourceTree = "<group>";
		};
/* End PBXGroup section */

/* Begin PBXNativeTarget section */
		89B2998D1C9CAE3400C65E0E /* OpenWeatherApp */ = {
			isa = PBXNativeTarget;
			buildConfigurationList = 89B299B81C9CAE3400C65E0E /* Build configuration list for PBXNativeTarget "OpenWeatherApp" */;
			buildPhases = (
				89B2998A1C9CAE3400C65E0E /* Sources */,
				89B2998B1C9CAE3400C65E0E /* Frameworks */,
				89B2998C1C9CAE3400C65E0E /* Resources */,
			);
			buildRules = (
			);
			dependencies = (
			);
			name = OpenWeatherApp;
			productName = OpenWeatherApp;
			productReference = 89B2998E1C9CAE3400C65E0E /* OpenWeatherApp.app */;
			productType = "com.apple.product-type.application";
		};
		89B299A31C9CAE3400C65E0E /* OpenWeatherAppTests */ = {
			isa = PBXNativeTarget;
			buildConfigurationList = 89B299BB1C9CAE3400C65E0E /* Build configuration list for PBXNativeTarget "OpenWeatherAppTests" */;
			buildPhases = (
				89B299A01C9CAE3400C65E0E /* Sources */,
				89B299A11C9CAE3400C65E0E /* Frameworks */,
				89B299A21C9CAE3400C65E0E /* Resources */,
			);
			buildRules = (
			);
			dependencies = (
				89B299A61C9CAE3400C65E0E /* PBXTargetDependency */,
			);
			name = OpenWeatherAppTests;
			productName = OpenWeatherAppTests;
			productReference = 89B299A41C9CAE3400C65E0E /* OpenWeatherAppTests.xctest */;
			productType = "com.apple.product-type.bundle.unit-test";
		};
		89B299AE1C9CAE3400C65E0E /* OpenWeatherAppUITests */ = {
			isa = PBXNativeTarget;
			buildConfigurationList = 89B299BE1C9CAE3400C65E0E /* Build configuration list for PBXNativeTarget "OpenWeatherAppUITests" */;
			buildPhases = (
				89B299AB1C9CAE3400C65E0E /* Sources */,
				89B299AC1C9CAE3400C65E0E /* Frameworks */,
				89B299AD1C9CAE3400C65E0E /* Resources */,
			);
			buildRules = (
			);
			dependencies = (
				89B299B11C9CAE3400C65E0E /* PBXTargetDependency */,
			);
			name = OpenWeatherAppUITests;
			productName = OpenWeatherAppUITests;
			productReference = 89B299AF1C9CAE3400C65E0E /* OpenWeatherAppUITests.xctest */;
			productType = "com.apple.product-type.bundle.ui-testing";
		};
/* End PBXNativeTarget section */

/* Begin PBXProject section */
		89B299861C9CAE3400C65E0E /* Project object */ = {
			isa = PBXProject;
			attributes = {
				LastSwiftUpdateCheck = 0720;
				LastUpgradeCheck = 0720;
				ORGANIZATIONNAME = "Monika Markovska";
				TargetAttributes = {
					89B2998D1C9CAE3400C65E0E = {
						CreatedOnToolsVersion = 7.2.1;
					};
					89B299A31C9CAE3400C65E0E = {
						CreatedOnToolsVersion = 7.2.1;
						TestTargetID = 89B2998D1C9CAE3400C65E0E;
					};
					89B299AE1C9CAE3400C65E0E = {
						CreatedOnToolsVersion = 7.2.1;
						TestTargetID = 89B2998D1C9CAE3400C65E0E;
					};
				};
			};
			buildConfigurationList = 89B299891C9CAE3400C65E0E /* Build configuration list for PBXProject "OpenWeatherApp" */;
			compatibilityVersion = "Xcode 3.2";
			developmentRegion = English;
			hasScannedForEncodings = 0;
			knownRegions = (
				en,
				Base,
			);
			mainGroup = 89B299851C9CAE3400C65E0E;
			productRefGroup = 89B2998F1C9CAE3400C65E0E /* Products */;
			projectDirPath = "";
			projectRoot = "";
			targets = (
				89B2998D1C9CAE3400C65E0E /* OpenWeatherApp */,
				89B299A31C9CAE3400C65E0E /* OpenWeatherAppTests */,
				89B299AE1C9CAE3400C65E0E /* OpenWeatherAppUITests */,
			);
		};
/* End PBXProject section */

/* Begin PBXResourcesBuildPhase section */
		89B2998C1C9CAE3400C65E0E /* Resources */ = {
			isa = PBXResourcesBuildPhase;
			buildActionMask = 2147483647;
			files = (
				89B2999E1C9CAE3400C65E0E /* LaunchScreen.storyboard in Resources */,
				89B299CE1C9F4C9800C65E0E /* Assets.xcassets in Resources */,
				89B299991C9CAE3400C65E0E /* Main.storyboard in Resources */,
			);
			runOnlyForDeploymentPostprocessing = 0;
		};
		89B299A21C9CAE3400C65E0E /* Resources */ = {
			isa = PBXResourcesBuildPhase;
			buildActionMask = 2147483647;
			files = (
			);
			runOnlyForDeploymentPostprocessing = 0;
		};
		89B299AD1C9CAE3400C65E0E /* Resources */ = {
			isa = PBXResourcesBuildPhase;
			buildActionMask = 2147483647;
			files = (
			);
			runOnlyForDeploymentPostprocessing = 0;
		};
/* End PBXResourcesBuildPhase section */

/* Begin PBXSourcesBuildPhase section */
		89B2998A1C9CAE3400C65E0E /* Sources */ = {
			isa = PBXSourcesBuildPhase;
			buildActionMask = 2147483647;
			files = (
				89B299C21C9CB52200C65E0E /* AddNewCityViewController.swift in Sources */,
				89B299C81C9DAC8900C65E0E /* City.swift in Sources */,
				89B299961C9CAE3400C65E0E /* DetailViewController.swift in Sources */,
				89B299941C9CAE3400C65E0E /* MasterViewController.swift in Sources */,
				89B299CA1C9F08E600C65E0E /* WeatherService.swift in Sources */,
				89B299921C9CAE3400C65E0E /* AppDelegate.swift in Sources */,
				89B299CC1C9F38F600C65E0E /* CityRepository.swift in Sources */,
			);
			runOnlyForDeploymentPostprocessing = 0;
		};
		89B299A01C9CAE3400C65E0E /* Sources */ = {
			isa = PBXSourcesBuildPhase;
			buildActionMask = 2147483647;
			files = (
				89B299A91C9CAE3400C65E0E /* OpenWeatherAppTests.swift in Sources */,
			);
			runOnlyForDeploymentPostprocessing = 0;
		};
		89B299AB1C9CAE3400C65E0E /* Sources */ = {
			isa = PBXSourcesBuildPhase;
			buildActionMask = 2147483647;
			files = (
				89B299B41C9CAE3400C65E0E /* OpenWeatherAppUITests.swift in Sources */,
			);
			runOnlyForDeploymentPostprocessing = 0;
		};
/* End PBXSourcesBuildPhase section */

/* Begin PBXTargetDependency section */
		89B299A61C9CAE3400C65E0E /* PBXTargetDependency */ = {
			isa = PBXTargetDependency;
			target = 89B2998D1C9CAE3400C65E0E /* OpenWeatherApp */;
			targetProxy = 89B299A51C9CAE3400C65E0E /* PBXContainerItemProxy */;
		};
		89B299B11C9CAE3400C65E0E /* PBXTargetDependency */ = {
			isa = PBXTargetDependency;
			target = 89B2998D1C9CAE3400C65E0E /* OpenWeatherApp */;
			targetProxy = 89B299B01C9CAE3400C65E0E /* PBXContainerItemProxy */;
		};
/* End PBXTargetDependency section */

/* Begin PBXVariantGroup section */
		89B299971C9CAE3400C65E0E /* Main.storyboard */ = {
			isa = PBXVariantGroup;
			children = (
				89B299981C9CAE3400C65E0E /* Base */,
			);
			name = Main.storyboard;
			sourceTree = "<group>";
		};
		89B2999C1C9CAE3400C65E0E /* LaunchScreen.storyboard */ = {
			isa = PBXVariantGroup;
			children = (
				89B2999D1C9CAE3400C65E0E /* Base */,
			);
			name = LaunchScreen.storyboard;
			sourceTree = "<group>";
		};
/* End PBXVariantGroup section */

/* Begin XCBuildConfiguration section */
		89B299B61C9CAE3400C65E0E /* Debug */ = {
			isa = XCBuildConfiguration;
			buildSettings = {
				ALWAYS_SEARCH_USER_PATHS = NO;
				CLANG_CXX_LANGUAGE_STANDARD = "gnu++0x";
				CLANG_CXX_LIBRARY = "libc++";
				CLANG_ENABLE_MODULES = YES;
				CLANG_ENABLE_OBJC_ARC = YES;
				CLANG_WARN_BOOL_CONVERSION = YES;
				CLANG_WARN_CONSTANT_CONVERSION = YES;
				CLANG_WARN_DIRECT_OBJC_ISA_USAGE = YES_ERROR;
				CLANG_WARN_EMPTY_BODY = YES;
				CLANG_WARN_ENUM_CONVERSION = YES;
				CLANG_WARN_INT_CONVERSION = YES;
				CLANG_WARN_OBJC_ROOT_CLASS = YES_ERROR;
				CLANG_WARN_UNREACHABLE_CODE = YES;
				CLANG_WARN__DUPLICATE_METHOD_MATCH = YES;
				"CODE_SIGN_IDENTITY[sdk=iphoneos*]" = "iPhone Developer";
				COPY_PHASE_STRIP = NO;
				DEBUG_INFORMATION_FORMAT = dwarf;
				ENABLE_STRICT_OBJC_MSGSEND = YES;
				ENABLE_TESTABILITY = YES;
				GCC_C_LANGUAGE_STANDARD = gnu99;
				GCC_DYNAMIC_NO_PIC = NO;
				GCC_NO_COMMON_BLOCKS = YES;
				GCC_OPTIMIZATION_LEVEL = 0;
				GCC_PREPROCESSOR_DEFINITIONS = (
					"DEBUG=1",
					"$(inherited)",
				);
				GCC_WARN_64_TO_32_BIT_CONVERSION = YES;
				GCC_WARN_ABOUT_RETURN_TYPE = YES_ERROR;
				GCC_WARN_UNDECLARED_SELECTOR = YES;
				GCC_WARN_UNINITIALIZED_AUTOS = YES_AGGRESSIVE;
				GCC_WARN_UNUSED_FUNCTION = YES;
				GCC_WARN_UNUSED_VARIABLE = YES;
				IPHONEOS_DEPLOYMENT_TARGET = 9.2;
				MTL_ENABLE_DEBUG_INFO = YES;
				ONLY_ACTIVE_ARCH = YES;
				SDKROOT = iphoneos;
				SWIFT_OPTIMIZATION_LEVEL = "-Onone";
				TARGETED_DEVICE_FAMILY = "1,2";
			};
			name = Debug;
		};
		89B299B71C9CAE3400C65E0E /* Release */ = {
			isa = XCBuildConfiguration;
			buildSettings = {
				ALWAYS_SEARCH_USER_PATHS = NO;
				CLANG_CXX_LANGUAGE_STANDARD = "gnu++0x";
				CLANG_CXX_LIBRARY = "libc++";
				CLANG_ENABLE_MODULES = YES;
				CLANG_ENABLE_OBJC_ARC = YES;
				CLANG_WARN_BOOL_CONVERSION = YES;
				CLANG_WARN_CONSTANT_CONVERSION = YES;
				CLANG_WARN_DIRECT_OBJC_ISA_USAGE = YES_ERROR;
				CLANG_WARN_EMPTY_BODY = YES;
				CLANG_WARN_ENUM_CONVERSION = YES;
				CLANG_WARN_INT_CONVERSION = YES;
				CLANG_WARN_OBJC_ROOT_CLASS = YES_ERROR;
				CLANG_WARN_UNREACHABLE_CODE = YES;
				CLANG_WARN__DUPLICATE_METHOD_MATCH = YES;
				"CODE_SIGN_IDENTITY[sdk=iphoneos*]" = "iPhone Developer";
				COPY_PHASE_STRIP = NO;
				DEBUG_INFORMATION_FORMAT = "dwarf-with-dsym";
				ENABLE_NS_ASSERTIONS = NO;
				ENABLE_STRICT_OBJC_MSGSEND = YES;
				GCC_C_LANGUAGE_STANDARD = gnu99;
				GCC_NO_COMMON_BLOCKS = YES;
				GCC_WARN_64_TO_32_BIT_CONVERSION = YES;
				GCC_WARN_ABOUT_RETURN_TYPE = YES_ERROR;
				GCC_WARN_UNDECLARED_SELECTOR = YES;
				GCC_WARN_UNINITIALIZED_AUTOS = YES_AGGRESSIVE;
				GCC_WARN_UNUSED_FUNCTION = YES;
				GCC_WARN_UNUSED_VARIABLE = YES;
				IPHONEOS_DEPLOYMENT_TARGET = 9.2;
				MTL_ENABLE_DEBUG_INFO = NO;
				SDKROOT = iphoneos;
				TARGETED_DEVICE_FAMILY = "1,2";
				VALIDATE_PRODUCT = YES;
			};
			name = Release;
		};
		89B299B91C9CAE3400C65E0E /* Debug */ = {
			isa = XCBuildConfiguration;
			buildSettings = {
				ASSETCATALOG_COMPILER_APPICON_NAME = AppIcon;
				INFOPLIST_FILE = OpenWeatherApp/Info.plist;
				LD_RUNPATH_SEARCH_PATHS = "$(inherited) @executable_path/Frameworks";
				PRODUCT_BUNDLE_IDENTIFIER = com.moniqwerty.OpenWeatherApp;
				PRODUCT_NAME = "$(TARGET_NAME)";
			};
			name = Debug;
		};
		89B299BA1C9CAE3400C65E0E /* Release */ = {
			isa = XCBuildConfiguration;
			buildSettings = {
				ASSETCATALOG_COMPILER_APPICON_NAME = AppIcon;
				INFOPLIST_FILE = OpenWeatherApp/Info.plist;
				LD_RUNPATH_SEARCH_PATHS = "$(inherited) @executable_path/Frameworks";
				PRODUCT_BUNDLE_IDENTIFIER = com.moniqwerty.OpenWeatherApp;
				PRODUCT_NAME = "$(TARGET_NAME)";
			};
			name = Release;
		};
		89B299BC1C9CAE3400C65E0E /* Debug */ = {
			isa = XCBuildConfiguration;
			buildSettings = {
				BUNDLE_LOADER = "$(TEST_HOST)";
				INFOPLIST_FILE = OpenWeatherAppTests/Info.plist;
				LD_RUNPATH_SEARCH_PATHS = "$(inherited) @executable_path/Frameworks @loader_path/Frameworks";
				PRODUCT_BUNDLE_IDENTIFIER = com.moniqwerty.OpenWeatherAppTests;
				PRODUCT_NAME = "$(TARGET_NAME)";
				TEST_HOST = "$(BUILT_PRODUCTS_DIR)/OpenWeatherApp.app/OpenWeatherApp";
			};
			name = Debug;
		};
		89B299BD1C9CAE3400C65E0E /* Release */ = {
			isa = XCBuildConfiguration;
			buildSettings = {
				BUNDLE_LOADER = "$(TEST_HOST)";
				INFOPLIST_FILE = OpenWeatherAppTests/Info.plist;
				LD_RUNPATH_SEARCH_PATHS = "$(inherited) @executable_path/Frameworks @loader_path/Frameworks";
				PRODUCT_BUNDLE_IDENTIFIER = com.moniqwerty.OpenWeatherAppTests;
				PRODUCT_NAME = "$(TARGET_NAME)";
				TEST_HOST = "$(BUILT_PRODUCTS_DIR)/OpenWeatherApp.app/OpenWeatherApp";
			};
			name = Release;
		};
		89B299BF1C9CAE3400C65E0E /* Debug */ = {
			isa = XCBuildConfiguration;
			buildSettings = {
				INFOPLIST_FILE = OpenWeatherAppUITests/Info.plist;
				LD_RUNPATH_SEARCH_PATHS = "$(inherited) @executable_path/Frameworks @loader_path/Frameworks";
				PRODUCT_BUNDLE_IDENTIFIER = com.moniqwerty.OpenWeatherAppUITests;
				PRODUCT_NAME = "$(TARGET_NAME)";
				TEST_TARGET_NAME = OpenWeatherApp;
				USES_XCTRUNNER = YES;
			};
			name = Debug;
		};
		89B299C01C9CAE3400C65E0E /* Release */ = {
			isa = XCBuildConfiguration;
			buildSettings = {
				INFOPLIST_FILE = OpenWeatherAppUITests/Info.plist;
				LD_RUNPATH_SEARCH_PATHS = "$(inherited) @executable_path/Frameworks @loader_path/Frameworks";
				PRODUCT_BUNDLE_IDENTIFIER = com.moniqwerty.OpenWeatherAppUITests;
				PRODUCT_NAME = "$(TARGET_NAME)";
				TEST_TARGET_NAME = OpenWeatherApp;
				USES_XCTRUNNER = YES;
			};
			name = Release;
		};
/* End XCBuildConfiguration section */

/* Begin XCConfigurationList section */
		89B299891C9CAE3400C65E0E /* Build configuration list for PBXProject "OpenWeatherApp" */ = {
			isa = XCConfigurationList;
			buildConfigurations = (
				89B299B61C9CAE3400C65E0E /* Debug */,
				89B299B71C9CAE3400C65E0E /* Release */,
			);
			defaultConfigurationIsVisible = 0;
			defaultConfigurationName = Release;
		};
		89B299B81C9CAE3400C65E0E /* Build configuration list for PBXNativeTarget "OpenWeatherApp" */ = {
			isa = XCConfigurationList;
			buildConfigurations = (
				89B299B91C9CAE3400C65E0E /* Debug */,
				89B299BA1C9CAE3400C65E0E /* Release */,
			);
			defaultConfigurationIsVisible = 0;
		};
		89B299BB1C9CAE3400C65E0E /* Build configuration list for PBXNativeTarget "OpenWeatherAppTests" */ = {
			isa = XCConfigurationList;
			buildConfigurations = (
				89B299BC1C9CAE3400C65E0E /* Debug */,
				89B299BD1C9CAE3400C65E0E /* Release */,
			);
			defaultConfigurationIsVisible = 0;
		};
		89B299BE1C9CAE3400C65E0E /* Build configuration list for PBXNativeTarget "OpenWeatherAppUITests" */ = {
			isa = XCConfigurationList;
			buildConfigurations = (
				89B299BF1C9CAE3400C65E0E /* Debug */,
				89B299C01C9CAE3400C65E0E /* Release */,
			);
			defaultConfigurationIsVisible = 0;
		};
/* End XCConfigurationList section */
	};
	rootObject = 89B299861C9CAE3400C65E0E /* Project object */;
}
